// !$*UTF8*$!
{
	archiveVersion = 1;
	classes = {
	};
	objectVersion = 56;
	objects = {

/* Begin PBXBuildFile section */
		500000000000000000000001 /* LiveonceApp.swift in Sources */ = {isa = PBXBuildFile; fileRef = 400000000000000000000002 /* LiveonceApp.swift */; };
		500000000000000000000002 /* Models.swift in Sources */ = {isa = PBXBuildFile; fileRef = 400000000000000000000003 /* Models.swift */; };
		500000000000000000000003 /* DateExtensions.swift in Sources */ = {isa = PBXBuildFile; fileRef = 400000000000000000000004 /* DateExtensions.swift */; };
		500000000000000000000004 /* Calculations.swift in Sources */ = {isa = PBXBuildFile; fileRef = 400000000000000000000005 /* Calculations.swift */; };
		500000000000000000000005 /* SeedData.swift in Sources */ = {isa = PBXBuildFile; fileRef = 400000000000000000000006 /* SeedData.swift */; };
		500000000000000000000006 /* WidgetSummaryUpdater.swift in Sources */ = {isa = PBXBuildFile; fileRef = 400000000000000000000007 /* WidgetSummaryUpdater.swift */; };
		500000000000000000000007 /* ContentView.swift in Sources */ = {isa = PBXBuildFile; fileRef = 400000000000000000000008 /* ContentView.swift */; };
		500000000000000000000008 /* SettingsView.swift in Sources */ = {isa = PBXBuildFile; fileRef = 400000000000000000000009 /* SettingsView.swift */; };
		500000000000000000000009 /* BudgetView.swift in Sources */ = {isa = PBXBuildFile; fileRef = 40000000000000000000000A /* BudgetView.swift */; };
		50000000000000000000000A /* ExecuteView.swift in Sources */ = {isa = PBXBuildFile; fileRef = 40000000000000000000000B /* ExecuteView.swift */; };
		50000000000000000000000B /* ScoreView.swift in Sources */ = {isa = PBXBuildFile; fileRef = 40000000000000000000000C /* ScoreView.swift */; };
		50000000000000000000000C /* CalendarView.swift in Sources */ = {isa = PBXBuildFile; fileRef = 40000000000000000000000D /* CalendarView.swift */; };
		50000000000000000000000D /* WidgetSummary.swift in Sources */ = {isa = PBXBuildFile; fileRef = 40000000000000000000000E /* WidgetSummary.swift */; };
		50000000000000000000000E /* LiveonceWidget.swift in Sources */ = {isa = PBXBuildFile; fileRef = 400000000000000000000010 /* LiveonceWidget.swift */; };
		50000000000000000000000F /* WidgetSummary.swift in Sources */ = {isa = PBXBuildFile; fileRef = 40000000000000000000000E /* WidgetSummary.swift */; };
		500000000000000000000010 /* SwiftUI.framework in Frameworks */ = {isa = PBXBuildFile; fileRef = 400000000000000000000012 /* SwiftUI.framework */; };
		500000000000000000000011 /* SwiftUI.framework in Frameworks */ = {isa = PBXBuildFile; fileRef = 400000000000000000000012 /* SwiftUI.framework */; };
		500000000000000000000012 /* WidgetKit.framework in Frameworks */ = {isa = PBXBuildFile; fileRef = 400000000000000000000013 /* WidgetKit.framework */; };
		500000000000000000000013 /* LiveonceWidget.appex in Embed App Extensions */ = {isa = PBXBuildFile; fileRef = 400000000000000000000014 /* LiveonceWidget.appex */; settings = {ATTRIBUTES = (RemoveHeadersOnCopy, ); }; };
/* End PBXBuildFile section */

/* Begin PBXCopyFilesBuildPhase section */
		100000000000000000000004 /* Embed App Extensions */ = {
			isa = PBXCopyFilesBuildPhase;
			buildActionMask = 2147483647;
			dstPath = "";
			dstSubfolderSpec = 13;
			files = (
				500000000000000000000013 /* LiveonceWidget.appex in Embed App Extensions */,
			);
			runOnlyForDeploymentPostprocessing = 0;
		};
/* End PBXCopyFilesBuildPhase section */

/* Begin PBXFileReference section */
		400000000000000000000001 /* LiveonceApp.app */ = {isa = PBXFileReference; explicitFileType = wrapper.application; includeInIndex = 0; path = LiveonceApp.app; sourceTree = BUILT_PRODUCTS_DIR; };
		400000000000000000000002 /* LiveonceApp.swift */ = {isa = PBXFileReference; lastKnownFileType = sourcecode.swift; path = LiveonceApp.swift; sourceTree = "<group>"; };
		400000000000000000000003 /* Models.swift */ = {isa = PBXFileReference; lastKnownFileType = sourcecode.swift; path = Models.swift; sourceTree = "<group>"; };
		400000000000000000000004 /* DateExtensions.swift */ = {isa = PBXFileReference; lastKnownFileType = sourcecode.swift; path = DateExtensions.swift; sourceTree = "<group>"; };
		400000000000000000000005 /* Calculations.swift */ = {isa = PBXFileReference; lastKnownFileType = sourcecode.swift; path = Calculations.swift; sourceTree = "<group>"; };
		400000000000000000000006 /* SeedData.swift */ = {isa = PBXFileReference; lastKnownFileType = sourcecode.swift; path = SeedData.swift; sourceTree = "<group>"; };
		400000000000000000000007 /* WidgetSummaryUpdater.swift */ = {isa = PBXFileReference; lastKnownFileType = sourcecode.swift; path = WidgetSummaryUpdater.swift; sourceTree = "<group>"; };
		400000000000000000000008 /* ContentView.swift */ = {isa = PBXFileReference; lastKnownFileType = sourcecode.swift; path = ContentView.swift; sourceTree = "<group>"; };
		400000000000000000000009 /* SettingsView.swift */ = {isa = PBXFileReference; lastKnownFileType = sourcecode.swift; path = SettingsView.swift; sourceTree = "<group>"; };
		40000000000000000000000A /* BudgetView.swift */ = {isa = PBXFileReference; lastKnownFileType = sourcecode.swift; path = BudgetView.swift; sourceTree = "<group>"; };
		40000000000000000000000B /* ExecuteView.swift */ = {isa = PBXFileReference; lastKnownFileType = sourcecode.swift; path = ExecuteView.swift; sourceTree = "<group>"; };
		40000000000000000000000C /* ScoreView.swift */ = {isa = PBXFileReference; lastKnownFileType = sourcecode.swift; path = ScoreView.swift; sourceTree = "<group>"; };
		40000000000000000000000D /* CalendarView.swift */ = {isa = PBXFileReference; lastKnownFileType = sourcecode.swift; path = CalendarView.swift; sourceTree = "<group>"; };
		40000000000000000000000E /* WidgetSummary.swift */ = {isa = PBXFileReference; lastKnownFileType = sourcecode.swift; path = WidgetSummary.swift; sourceTree = "<group>"; };
		40000000000000000000000F /* Info.plist */ = {isa = PBXFileReference; lastKnownFileType = text.plist.xml; path = Info.plist; sourceTree = "<group>"; };
		400000000000000000000010 /* LiveonceWidget.swift */ = {isa = PBXFileReference; lastKnownFileType = sourcecode.swift; path = LiveonceWidget.swift; sourceTree = "<group>"; };
		400000000000000000000011 /* Info.plist */ = {isa = PBXFileReference; lastKnownFileType = text.plist.xml; path = Info.plist; sourceTree = "<group>"; };
		400000000000000000000012 /* SwiftUI.framework */ = {isa = PBXFileReference; lastKnownFileType = wrapper.framework; name = SwiftUI.framework; path = System/Library/Frameworks/SwiftUI.framework; sourceTree = SDKROOT; };
		400000000000000000000013 /* WidgetKit.framework */ = {isa = PBXFileReference; lastKnownFileType = wrapper.framework; name = WidgetKit.framework; path = System/Library/Frameworks/WidgetKit.framework; sourceTree = SDKROOT; };
		400000000000000000000014 /* LiveonceWidget.appex */ = {isa = PBXFileReference; explicitFileType = wrapper.app-extension; includeInIndex = 0; path = LiveonceWidget.appex; sourceTree = BUILT_PRODUCTS_DIR; };
/* End PBXFileReference section */

/* Begin PBXFrameworksBuildPhase section */
		100000000000000000000002 /* Frameworks */ = {
			isa = PBXFrameworksBuildPhase;
			buildActionMask = 2147483647;
			files = (
				500000000000000000000010 /* SwiftUI.framework in Frameworks */,
			);
			runOnlyForDeploymentPostprocessing = 0;
		};
		100000000000000000000006 /* Frameworks */ = {
			isa = PBXFrameworksBuildPhase;
			buildActionMask = 2147483647;
			files = (
				500000000000000000000011 /* SwiftUI.framework in Frameworks */,
				500000000000000000000012 /* WidgetKit.framework in Frameworks */,
			);
			runOnlyForDeploymentPostprocessing = 0;
		};
/* End PBXFrameworksBuildPhase section */

/* Begin PBXGroup section */
		400000000000000000000020 /* Liveonce */ = {
			isa = PBXGroup;
			children = (
				400000000000000000000030 /* LiveonceApp */,
				400000000000000000000031 /* LiveonceWidget */,
				400000000000000000000032 /* Shared */,
				400000000000000000000033 /* Products */,
				400000000000000000000034 /* Frameworks */,
			);
			sourceTree = "<group>";
		};
		400000000000000000000030 /* LiveonceApp */ = {
			isa = PBXGroup;
			children = (
				40000000000000000000000F /* Info.plist */,
				400000000000000000000002 /* LiveonceApp.swift */,
				400000000000000000000050 /* Models */,
				400000000000000000000051 /* Utilities */,
				400000000000000000000052 /* Views */,
			);
			path = LiveonceApp;
			sourceTree = "<group>";
		};
		400000000000000000000050 /* Models */ = {
			isa = PBXGroup;
			children = (
				400000000000000000000003 /* Models.swift */,
			);
			path = Models;
			sourceTree = "<group>";
		};
		400000000000000000000051 /* Utilities */ = {
			isa = PBXGroup;
			children = (
				400000000000000000000004 /* DateExtensions.swift */,
				400000000000000000000005 /* Calculations.swift */,
				400000000000000000000006 /* SeedData.swift */,
				400000000000000000000007 /* WidgetSummaryUpdater.swift */,
			);
			path = Utilities;
			sourceTree = "<group>";
		};
		400000000000000000000052 /* Views */ = {
			isa = PBXGroup;
			children = (
				400000000000000000000008 /* ContentView.swift */,
				400000000000000000000009 /* SettingsView.swift */,
				40000000000000000000000A /* BudgetView.swift */,
				40000000000000000000000B /* ExecuteView.swift */,
				40000000000000000000000C /* ScoreView.swift */,
				40000000000000000000000D /* CalendarView.swift */,
			);
			path = Views;
			sourceTree = "<group>";
		};
		400000000000000000000031 /* LiveonceWidget */ = {
			isa = PBXGroup;
			children = (
				400000000000000000000011 /* Info.plist */,
				400000000000000000000010 /* LiveonceWidget.swift */,
			);
			path = LiveonceWidget;
			sourceTree = "<group>";
		};
		400000000000000000000032 /* Shared */ = {
			isa = PBXGroup;
			children = (
				40000000000000000000000E /* WidgetSummary.swift */,
			);
			path = Shared;
			sourceTree = "<group>";
		};
		400000000000000000000033 /* Products */ = {
			isa = PBXGroup;
			children = (
				400000000000000000000001 /* LiveonceApp.app */,
				400000000000000000000014 /* LiveonceWidget.appex */,
			);
			name = Products;
			sourceTree = "<group>";
		};
		400000000000000000000034 /* Frameworks */ = {
			isa = PBXGroup;
			children = (
				400000000000000000000012 /* SwiftUI.framework */,
				400000000000000000000013 /* WidgetKit.framework */,
			);
			name = Frameworks;
			sourceTree = "<group>";
		};
/* End PBXGroup section */

/* Begin PBXNativeTarget section */
		100000000000000000000001 /* LiveonceApp */ = {
			isa = PBXNativeTarget;
			buildConfigurationList = 600000000000000000000001 /* Build configuration list for PBXNativeTarget "LiveonceApp" */;
			buildPhases = (
				100000000000000000000001 /* Sources */,
				100000000000000000000002 /* Frameworks */,
				100000000000000000000003 /* Resources */,
				100000000000000000000004 /* Embed App Extensions */,
			);
			buildRules = (
			);
			dependencies = (
				100000000000000000000005 /* PBXTargetDependency */,
			);
			name = LiveonceApp;
			productName = LiveonceApp;
			productReference = 400000000000000000000001 /* LiveonceApp.app */;
			productType = "com.apple.product-type.application";
		};
		100000000000000000000007 /* LiveonceWidget */ = {
			isa = PBXNativeTarget;
			buildConfigurationList = 600000000000000000000002 /* Build configuration list for PBXNativeTarget "LiveonceWidget" */;
			buildPhases = (
				100000000000000000000005 /* Sources */,
				100000000000000000000006 /* Frameworks */,
				100000000000000000000007 /* Resources */,
			);
			buildRules = (
			);
			dependencies = (
			);
			name = LiveonceWidget;
			productName = LiveonceWidget;
			productReference = 400000000000000000000014 /* LiveonceWidget.appex */;
			productType = "com.apple.product-type.app-extension";
		};
/* End PBXNativeTarget section */

/* Begin PBXProject section */
		100000000000000000000000 /* Project object */ = {
			isa = PBXProject;
			attributes = {
				BuildIndependentTargetsInParallel = 1;
				LastUpgradeCheck = 1500;
				TargetAttributes = {
					100000000000000000000001 = {
						CreatedOnToolsVersion = 15.0;
					};
					100000000000000000000007 = {
						CreatedOnToolsVersion = 15.0;
					};
				};
			};
			buildConfigurationList = 600000000000000000000000 /* Build configuration list for PBXProject "Liveonce" */;
			compatibilityVersion = "Xcode 15.0";
			developmentRegion = en;
			hasScannedForEncodings = 0;
			knownRegions = (
				en,
				Base,
			);
			mainGroup = 400000000000000000000020 /* Liveonce */;
			productRefGroup = 400000000000000000000033 /* Products */;
			projectDirPath = "";
			projectRoot = "";
			targets = (
				100000000000000000000001 /* LiveonceApp */,
				100000000000000000000007 /* LiveonceWidget */,
			);
		};
/* End PBXProject section */

/* Begin PBXResourcesBuildPhase section */
		100000000000000000000003 /* Resources */ = {
			isa = PBXResourcesBuildPhase;
			buildActionMask = 2147483647;
			files = (
			);
			runOnlyForDeploymentPostprocessing = 0;
		};
		100000000000000000000007 /* Resources */ = {
			isa = PBXResourcesBuildPhase;
			buildActionMask = 2147483647;
			files = (
			);
			runOnlyForDeploymentPostprocessing = 0;
		};
/* End PBXResourcesBuildPhase section */

/* Begin PBXSourcesBuildPhase section */
		100000000000000000000001 /* Sources */ = {
			isa = PBXSourcesBuildPhase;
			buildActionMask = 2147483647;
			files = (
				500000000000000000000001 /* LiveonceApp.swift in Sources */,
				500000000000000000000002 /* Models.swift in Sources */,
				500000000000000000000003 /* DateExtensions.swift in Sources */,
				500000000000000000000004 /* Calculations.swift in Sources */,
				500000000000000000000005 /* SeedData.swift in Sources */,
				500000000000000000000006 /* WidgetSummaryUpdater.swift in Sources */,
				500000000000000000000007 /* ContentView.swift in Sources */,
				500000000000000000000008 /* SettingsView.swift in Sources */,
				500000000000000000000009 /* BudgetView.swift in Sources */,
				50000000000000000000000A /* ExecuteView.swift in Sources */,
				50000000000000000000000B /* ScoreView.swift in Sources */,
				50000000000000000000000C /* CalendarView.swift in Sources */,
				50000000000000000000000D /* WidgetSummary.swift in Sources */,
			);
			runOnlyForDeploymentPostprocessing = 0;
		};
		100000000000000000000005 /* Sources */ = {
			isa = PBXSourcesBuildPhase;
			buildActionMask = 2147483647;
			files = (
				50000000000000000000000E /* LiveonceWidget.swift in Sources */,
				50000000000000000000000F /* WidgetSummary.swift in Sources */,
			);
			runOnlyForDeploymentPostprocessing = 0;
		};
/* End PBXSourcesBuildPhase section */

/* Begin PBXTargetDependency section */
		100000000000000000000005 /* PBXTargetDependency */ = {
			isa = PBXTargetDependency;
			target = 100000000000000000000007 /* LiveonceWidget */;
			targetProxy = 100000000000000000000008 /* PBXContainerItemProxy */;
		};
/* End PBXTargetDependency section */

/* Begin PBXContainerItemProxy section */
		100000000000000000000008 /* PBXContainerItemProxy */ = {
			isa = PBXContainerItemProxy;
			containerPortal = 100000000000000000000000 /* Project object */;
			proxyType = 1;
			remoteGlobalIDString = 100000000000000000000007;
			remoteInfo = LiveonceWidget;
		};
/* End PBXContainerItemProxy section */

/* Begin XCBuildConfiguration section */
		600000000000000000000010 /* Debug */ = {
			isa = XCBuildConfiguration;
			buildSettings = {
				ALWAYS_SEARCH_USER_PATHS = NO;
				CLANG_ENABLE_MODULES = YES;
				CLANG_ENABLE_OBJC_ARC = YES;
				DEVELOPMENT_TEAM = "";
				ENABLE_PREVIEWS = YES;
				IPHONEOS_DEPLOYMENT_TARGET = 17.0;
				PRODUCT_NAME = "$(TARGET_NAME)";
				SDKROOT = iphoneos;
				SWIFT_VERSION = 5.9;
			};
			name = Debug;
		};
		600000000000000000000011 /* Release */ = {
			isa = XCBuildConfiguration;
			buildSettings = {
				ALWAYS_SEARCH_USER_PATHS = NO;
				CLANG_ENABLE_MODULES = YES;
				CLANG_ENABLE_OBJC_ARC = YES;
				DEVELOPMENT_TEAM = "";
				ENABLE_PREVIEWS = YES;
				IPHONEOS_DEPLOYMENT_TARGET = 17.0;
				PRODUCT_NAME = "$(TARGET_NAME)";
				SDKROOT = iphoneos;
				SWIFT_VERSION = 5.9;
			};
			name = Release;
		};
		600000000000000000000012 /* Debug */ = {
			isa = XCBuildConfiguration;
			buildSettings = {
				ASSETCATALOG_COMPILER_APPICON_NAME = "";
				CODE_SIGN_STYLE = Automatic;
				CURRENT_PROJECT_VERSION = 1;
				DEVELOPMENT_TEAM = "";
				GENERATE_INFOPLIST_FILE = NO;
				INFOPLIST_FILE = LiveonceApp/Info.plist;
				LD_RUNPATH_SEARCH_PATHS = (
					"$(inherited)",
					"@executable_path/Frameworks",
				);
				MARKETING_VERSION = 1.0.0;
				PRODUCT_BUNDLE_IDENTIFIER = com.song.liveonce;
				PRODUCT_NAME = LiveonceApp;
				SUPPORTED_PLATFORMS = "iphoneos iphonesimulator";
				SWIFT_EMIT_LOC_STRINGS = YES;
				TARGETED_DEVICE_FAMILY = "1,2";
			};
			name = Debug;
		};
		600000000000000000000013 /* Release */ = {
			isa = XCBuildConfiguration;
			buildSettings = {
				ASSETCATALOG_COMPILER_APPICON_NAME = "";
				CODE_SIGN_STYLE = Automatic;
				CURRENT_PROJECT_VERSION = 1;
				DEVELOPMENT_TEAM = "";
				GENERATE_INFOPLIST_FILE = NO;
				INFOPLIST_FILE = LiveonceApp/Info.plist;
				LD_RUNPATH_SEARCH_PATHS = (
					"$(inherited)",
					"@executable_path/Frameworks",
				);
				MARKETING_VERSION = 1.0.0;
				PRODUCT_BUNDLE_IDENTIFIER = com.song.liveonce;
				PRODUCT_NAME = LiveonceApp;
				SUPPORTED_PLATFORMS = "iphoneos iphonesimulator";
				SWIFT_EMIT_LOC_STRINGS = YES;
				TARGETED_DEVICE_FAMILY = "1,2";
			};
			name = Release;
		};
		600000000000000000000014 /* Debug */ = {
			isa = XCBuildConfiguration;
			buildSettings = {
				APPLICATION_EXTENSION_API_ONLY = YES;
				CODE_SIGN_STYLE = Automatic;
				CURRENT_PROJECT_VERSION = 1;
				DEVELOPMENT_TEAM = "";
				GENERATE_INFOPLIST_FILE = NO;
				INFOPLIST_FILE = LiveonceWidget/Info.plist;
				LD_RUNPATH_SEARCH_PATHS = (
					"$(inherited)",
					"@executable_path/Frameworks",
					"@executable_path/../../Frameworks",
				);
				MARKETING_VERSION = 1.0.0;
				PRODUCT_BUNDLE_IDENTIFIER = com.song.liveonce.widget;
				PRODUCT_NAME = LiveonceWidget;
				SKIP_INSTALL = YES;
				SWIFT_EMIT_LOC_STRINGS = YES;
				TARGETED_DEVICE_FAMILY = "1,2";
			};
			name = Debug;
		};
		600000000000000000000015 /* Release */ = {
			isa = XCBuildConfiguration;
			buildSettings = {
				APPLICATION_EXTENSION_API_ONLY = YES;
				CODE_SIGN_STYLE = Automatic;
				CURRENT_PROJECT_VERSION = 1;
				DEVELOPMENT_TEAM = "";
				GENERATE_INFOPLIST_FILE = NO;
				INFOPLIST_FILE = LiveonceWidget/Info.plist;
				LD_RUNPATH_SEARCH_PATHS = (
					"$(inherited)",
					"@executable_path/Frameworks",
					"@executable_path/../../Frameworks",
				);
				MARKETING_VERSION = 1.0.0;
				PRODUCT_BUNDLE_IDENTIFIER = com.song.liveonce.widget;
				PRODUCT_NAME = LiveonceWidget;
				SKIP_INSTALL = YES;
				SWIFT_EMIT_LOC_STRINGS = YES;
				TARGETED_DEVICE_FAMILY = "1,2";
			};
			name = Release;
		};
/* End XCBuildConfiguration section */

/* Begin XCConfigurationList section */
		600000000000000000000000 /* Build configuration list for PBXProject "Liveonce" */ = {
			isa = XCConfigurationList;
			buildConfigurations = (
				600000000000000000000010 /* Debug */,
				600000000000000000000011 /* Release */,
			);
			defaultConfigurationIsVisible = 0;
			defaultConfigurationName = Release;
		};
		600000000000000000000001 /* Build configuration list for PBXNativeTarget "LiveonceApp" */ = {
			isa = XCConfigurationList;
			buildConfigurations = (
				600000000000000000000012 /* Debug */,
				600000000000000000000013 /* Release */,
			);
			defaultConfigurationIsVisible = 0;
			defaultConfigurationName = Release;
		};
		600000000000000000000002 /* Build configuration list for PBXNativeTarget "LiveonceWidget" */ = {
			isa = XCConfigurationList;
			buildConfigurations = (
				600000000000000000000014 /* Debug */,
				600000000000000000000015 /* Release */,
			);
			defaultConfigurationIsVisible = 0;
			defaultConfigurationName = Release;
		};
/* End XCConfigurationList section */
	};
	rootObject = 100000000000000000000000 /* Project object */;
}
